
Microsoft Visual Studio Solution File, Format Version 12.00
# Visual Studio 15
VisualStudioVersion = 15.0.28307.421
MinimumVisualStudioVersion = 10.0.40219.1
Project("{8BC9CEB8-8B4A-11D0-8D11-00A0C91BC942}") = "Engine", "Engine\Engine.vcxproj", "{6B088E87-C01F-4DFA-A2E7-47A5FAA3A898}"
EndProject
Project("{8BC9CEB8-8B4A-11D0-8D11-00A0C91BC942}") = "Game", "Game\Game.vcxproj", "{E1DFDF00-A60B-43A3-93A4-7A608092E41F}"
	ProjectSection(ProjectDependencies) = postProject
		{6B088E87-C01F-4DFA-A2E7-47A5FAA3A898} = {6B088E87-C01F-4DFA-A2E7-47A5FAA3A898}
	EndProjectSection
EndProject
Global
	GlobalSection(SolutionConfigurationPlatforms) = preSolution
		Debug|x64 = Debug|x64
		Debug|x86 = Debug|x86
		Release|x64 = Release|x64
		Release|x86 = Release|x86
	EndGlobalSection
	GlobalSection(ProjectConfigurationPlatforms) = postSolution
		{6B088E87-C01F-4DFA-A2E7-47A5FAA3A898}.Debug|x64.ActiveCfg = Debug|x64
		{6B088E87-C01F-4DFA-A2E7-47A5FAA3A898}.Debug|x64.Build.0 = Debug|x64
		{6B088E87-C01F-4DFA-A2E7-47A5FAA3A898}.Debug|x86.ActiveCfg = Debug|Win32
		{6B088E87-C01F-4DFA-A2E7-47A5FAA3A898}.Debug|x86.Build.0 = Debug|Win32
		{6B088E87-C01F-4DFA-A2E7-47A5FAA3A898}.Release|x64.ActiveCfg = Release|x64
		{6B088E87-C01F-4DFA-A2E7-47A5FAA3A898}.Release|x64.Build.0 = Release|x64
		{6B088E87-C01F-4DFA-A2E7-47A5FAA3A898}.Release|x86.ActiveCfg = Release|Win32
		{6B088E87-C01F-4DFA-A2E7-47A5FAA3A898}.Release|x86.Build.0 = Release|Win32
		{E1DFDF00-A60B-43A3-93A4-7A608092E41F}.Debug|x64.ActiveCfg = Debug|x64
		{E1DFDF00-A60B-43A3-93A4-7A608092E41F}.Debug|x64.Build.0 = Debug|x64
		{E1DFDF00-A60B-43A3-93A4-7A608092E41F}.Debug|x86.ActiveCfg = Debug|Win32
		{E1DFDF00-A60B-43A3-93A4-7A608092E41F}.Debug|x86.Build.0 = Debug|Win32
		{E1DFDF00-A60B-43A3-93A4-7A608092E41F}.Release|x64.ActiveCfg = Release|x64
		{E1DFDF00-A60B-43A3-93A4-7A608092E41F}.Release|x64.Build.0 = Release|x64
		{E1DFDF00-A60B-43A3-93A4-7A608092E41F}.Release|x86.ActiveCfg = Release|Win32
		{E1DFDF00-A60B-43A3-93A4-7A608092E41F}.Release|x86.Build.0 = Release|Win32
	EndGlobalSection
	GlobalSection(SolutionProperties) = preSolution
		HideSolutionNode = FALSE
	EndGlobalSection
	GlobalSection(ExtensibilityGlobals) = postSolution
		SolutionGuid = {6F129D7E-9FD6-4665-B26B-4153E6181ECE}
	EndGlobalSection
EndGlobal
