<?xml version="1.0" encoding="utf-8"?>
<Project ToolsVersion="4.0" xmlns="http://schemas.microsoft.com/developer/msbuild/2003">
  <ItemGroup>
    <Filter Include="Archivos de origen">
      <UniqueIdentifier>{4FC737F1-C7A5-4376-A066-2A32D752A2FF}</UniqueIdentifier>
      <Extensions>cpp;c;cc;cxx;def;odl;idl;hpj;bat;asm;asmx</Extensions>
    </Filter>
    <Filter Include="Archivos de encabezado">
      <UniqueIdentifier>{93995380-89BD-4b04-88EB-625FBE52EBFB}</UniqueIdentifier>
      <Extensions>h;hh;hpp;hxx;hm;inl;inc;ipp;xsd</Extensions>
    </Filter>
    <Filter Include="Archivos de recursos">
      <UniqueIdentifier>{67DA6AB6-F800-4c08-8B7A-83BB121AAD01}</UniqueIdentifier>
      <Extensions>rc;ico;cur;bmp;dlg;rc2;rct;bin;rgs;gif;jpg;jpeg;jpe;resx;tiff;tif;png;wav;mfcribbon-ms</Extensions>
    </Filter>
    <Filter Include="Archivos de origen\BaseGame">
      <UniqueIdentifier>{fbc149ed-c587-4605-80c2-ca465a746c0e}</UniqueIdentifier>
    </Filter>
    <Filter Include="Archivos de encabezado\BaseGame">
      <UniqueIdentifier>{0eb25413-dc37-449f-96cf-eebff16bb681}</UniqueIdentifier>
    </Filter>
  </ItemGroup>
  <ItemGroup>
    <ClCompile Include="..\src\Engine\BaseGame\BaseGame.cpp">
      <Filter>Archivos de origen\BaseGame</Filter>
    </ClCompile>
    <ClCompile Include="..\src\Engine\BaseGame\Window.cpp">
      <Filter>Archivos de origen\BaseGame</Filter>
    </ClCompile>
    <ClCompile Include="..\src\Engine\BaseGame\Renderer.cpp">
      <Filter>Archivos de origen\BaseGame</Filter>
    </ClCompile>
    <ClCompile Include="..\src\Engine\BaseGame\Color.cpp">
      <Filter>Archivos de origen\BaseGame</Filter>
    </ClCompile>
    <ClCompile Include="..\src\Engine\BaseGame\ColorList.cpp">
      <Filter>Archivos de origen\BaseGame</Filter>
    </ClCompile>
    <ClCompile Include="..\src\Engine\BaseGame\Shape.cpp">
      <Filter>Archivos de origen\BaseGame</Filter>
    </ClCompile>
    <ClCompile Include="..\src\Engine\BaseGame\Triangle.cpp">
      <Filter>Archivos de origen\BaseGame</Filter>
    </ClCompile>
    <ClCompile Include="..\src\Engine\BaseGame\texture.cpp">
      <Filter>Archivos de origen\BaseGame</Filter>
    </ClCompile>
    <ClCompile Include="..\src\Engine\BaseGame\Input.cpp">
      <Filter>Archivos de origen\BaseGame</Filter>
    </ClCompile>
    <ClCompile Include="..\src\Engine\BaseGame\Material.cpp">
      <Filter>Archivos de origen\BaseGame</Filter>
    </ClCompile>
    <ClCompile Include="..\src\Engine\BaseGame\Entity.cpp">
      <Filter>Archivos de origen\BaseGame</Filter>
    </ClCompile>
    <ClCompile Include="..\src\Engine\BaseGame\Entity2D.cpp">
      <Filter>Archivos de origen\BaseGame</Filter>
    </ClCompile>
    <ClCompile Include="..\src\Engine\BaseGame\Sprite.cpp">
      <Filter>Archivos de origen\BaseGame</Filter>
    </ClCompile>
  </ItemGroup>
  <ItemGroup>
    <ClInclude Include="..\src\Engine\BaseGame\BaseGame.h">
      <Filter>Archivos de encabezado\BaseGame</Filter>
    </ClInclude>
    <ClInclude Include="..\src\Engine\BaseGame\Window.h">
      <Filter>Archivos de encabezado\BaseGame</Filter>
    </ClInclude>
    <ClInclude Include="..\src\Engine\BaseGame\Renderer.h">
      <Filter>Archivos de encabezado\BaseGame</Filter>
    </ClInclude>
    <ClInclude Include="..\src\Engine\BaseGame\Color.h">
      <Filter>Archivos de encabezado\BaseGame</Filter>
    </ClInclude>
    <ClInclude Include="..\src\Engine\BaseGame\ColorList.h">
      <Filter>Archivos de encabezado\BaseGame</Filter>
    </ClInclude>
    <ClInclude Include="..\src\Engine\BaseGame\Triangle.h">
      <Filter>Archivos de encabezado\BaseGame</Filter>
    </ClInclude>
    <ClInclude Include="..\src\Engine\BaseGame\Input.h">
      <Filter>Archivos de encabezado\BaseGame</Filter>
    </ClInclude>
    <ClInclude Include="..\src\Engine\BaseGame\Material.h">
      <Filter>Archivos de encabezado\BaseGame</Filter>
    </ClInclude>
    <ClInclude Include="..\src\Engine\BaseGame\Entity.h">
      <Filter>Archivos de encabezado\BaseGame</Filter>
    </ClInclude>
    <ClInclude Include="..\src\Engine\BaseGame\Entity2D.h">
      <Filter>Archivos de encabezado\BaseGame</Filter>
    </ClInclude>
    <ClInclude Include="..\src\Engine\BaseGame\Sprite.h">
      <Filter>Archivos de encabezado\BaseGame</Filter>
    </ClInclude>
    <ClInclude Include="..\src\Engine\BaseGame\TimeStep.h">
      <Filter>Archivos de encabezado\BaseGame</Filter>
    </ClInclude>
  </ItemGroup>
  <ItemGroup>
    <None Include="..\res\shaders\Shape.shader">
      <Filter>Archivos de origen</Filter>
    </None>
    <ClInclude Include="..\src\Engine\BaseGame\Shape.h">
      <Filter>Archivos de encabezado\BaseGame</Filter>
    </ClInclude>
  </ItemGroup>
</Project>